
Microsoft Visual Studio Solution File, Format Version 12.00
# Visual Studio Version 17
VisualStudioVersion = 17.8.34525.116
MinimumVisualStudioVersion = 10.0.40219.1
Project("{9A19103F-16F7-4668-BE54-9A1E7A4F7556}") = "lr7", "lr7\lr7.csproj", "{CC92887D-A462-4468-B504-795276BF846C}"
EndProject
Global
	GlobalSection(SolutionConfigurationPlatforms) = preSolution
		Debug|Any CPU = Debug|Any CPU
		Release|Any CPU = Release|Any CPU
	EndGlobalSection
	GlobalSection(ProjectConfigurationPlatforms) = postSolution
		{CC92887D-A462-4468-B504-795276BF846C}.Debug|Any CPU.ActiveCfg = Debug|Any CPU
		{CC92887D-A462-4468-B504-795276BF846C}.Debug|Any CPU.Build.0 = Debug|Any CPU
		{CC92887D-A462-4468-B504-795276BF846C}.Release|Any CPU.ActiveCfg = Release|Any CPU
		{CC92887D-A462-4468-B504-795276BF846C}.Release|Any CPU.Build.0 = Release|Any CPU
	EndGlobalSection
	GlobalSection(SolutionProperties) = preSolution
		HideSolutionNode = FALSE
	EndGlobalSection
	GlobalSection(ExtensibilityGlobals) = postSolution
		SolutionGuid = {47C9BC7E-1F12-4B5C-A207-4878B447E1CB}
	EndGlobalSection
EndGlobal
